
Microsoft Visual Studio Solution File, Format Version 12.00
# Visual Studio Version 17
VisualStudioVersion = 17.1.32407.343
MinimumVisualStudioVersion = 10.0.40219.1
Project("{FAE04EC0-301F-11D3-BF4B-00C04F79EFBC}") = "var", "var\var.csproj", "{A2CBDF57-B518-4B4C-B97B-1FF68B8410CB}"
EndProject
Project("{FAE04EC0-301F-11D3-BF4B-00C04F79EFBC}") = "var2", "var2\var2.csproj", "{A07512CB-733C-46DD-8BE6-E8470931BE4F}"
EndProject
Project("{FAE04EC0-301F-11D3-BF4B-00C04F79EFBC}") = "pun", "pun\pun.csproj", "{505896B6-FAEC-45A7-84F3-3DA695750663}"
EndProject
Project("{FAE04EC0-301F-11D3-BF4B-00C04F79EFBC}") = "case7", "case7\case7.csproj", "{8DB95402-618C-46BA-B471-36C2C0784B5F}"
EndProject
Project("{FAE04EC0-301F-11D3-BF4B-00C04F79EFBC}") = "case7_1", "cas37-1\case7_1.csproj", "{75864E9F-3330-4507-AC58-0F0262673E7D}"
EndProject
Project("{FAE04EC0-301F-11D3-BF4B-00C04F79EFBC}") = "DRAFT", "DRAFT\DRAFT.csproj", "{531EE678-93BF-4E30-A88A-1960F443C7B8}"
EndProject
Project("{FAE04EC0-301F-11D3-BF4B-00C04F79EFBC}") = "4_case1", "4_case1\4_case1.csproj", "{804A32A5-57CA-4355-9C53-6DE4FC5C9DB1}"
EndProject
Project("{FAE04EC0-301F-11D3-BF4B-00C04F79EFBC}") = "4_case2", "4_case2\4_case2.csproj", "{1C62C195-DAC0-4B82-8E46-907F4AC9ABE1}"
EndProject
Project("{FAE04EC0-301F-11D3-BF4B-00C04F79EFBC}") = "4_switch", "4_switch\4_switch.csproj", "{BDDC646B-D4F3-4E8D-B278-17C0C8CE9F27}"
EndProject
Project("{FAE04EC0-301F-11D3-BF4B-00C04F79EFBC}") = "4_case6", "4_case6\4_case6.csproj", "{9B4790A7-0CC6-4181-A3A2-BAA750161F4A}"
EndProject
Project("{FAE04EC0-301F-11D3-BF4B-00C04F79EFBC}") = "4_for", "4_for\4_for.csproj", "{C25AFDF0-E5B4-4BF1-AFE4-130F292F9754}"
EndProject
Project("{FAE04EC0-301F-11D3-BF4B-00C04F79EFBC}") = "4_case9", "4_case9\4_case9.csproj", "{2C28886A-B539-4712-BFEC-E9EB7574A15B}"
EndProject
Project("{FAE04EC0-301F-11D3-BF4B-00C04F79EFBC}") = "array_1d", "array_1d\array_1d.csproj", "{F496F7F2-E370-455D-ACB8-22302DEBFF89}"
EndProject
Global
	GlobalSection(SolutionConfigurationPlatforms) = preSolution
		Debug|Any CPU = Debug|Any CPU
		Release|Any CPU = Release|Any CPU
	EndGlobalSection
	GlobalSection(ProjectConfigurationPlatforms) = postSolution
		{A2CBDF57-B518-4B4C-B97B-1FF68B8410CB}.Debug|Any CPU.ActiveCfg = Debug|Any CPU
		{A2CBDF57-B518-4B4C-B97B-1FF68B8410CB}.Debug|Any CPU.Build.0 = Debug|Any CPU
		{A2CBDF57-B518-4B4C-B97B-1FF68B8410CB}.Release|Any CPU.ActiveCfg = Release|Any CPU
		{A2CBDF57-B518-4B4C-B97B-1FF68B8410CB}.Release|Any CPU.Build.0 = Release|Any CPU
		{A07512CB-733C-46DD-8BE6-E8470931BE4F}.Debug|Any CPU.ActiveCfg = Debug|Any CPU
		{A07512CB-733C-46DD-8BE6-E8470931BE4F}.Debug|Any CPU.Build.0 = Debug|Any CPU
		{A07512CB-733C-46DD-8BE6-E8470931BE4F}.Release|Any CPU.ActiveCfg = Release|Any CPU
		{A07512CB-733C-46DD-8BE6-E8470931BE4F}.Release|Any CPU.Build.0 = Release|Any CPU
		{505896B6-FAEC-45A7-84F3-3DA695750663}.Debug|Any CPU.ActiveCfg = Debug|Any CPU
		{505896B6-FAEC-45A7-84F3-3DA695750663}.Debug|Any CPU.Build.0 = Debug|Any CPU
		{505896B6-FAEC-45A7-84F3-3DA695750663}.Release|Any CPU.ActiveCfg = Release|Any CPU
		{505896B6-FAEC-45A7-84F3-3DA695750663}.Release|Any CPU.Build.0 = Release|Any CPU
		{8DB95402-618C-46BA-B471-36C2C0784B5F}.Debug|Any CPU.ActiveCfg = Debug|Any CPU
		{8DB95402-618C-46BA-B471-36C2C0784B5F}.Debug|Any CPU.Build.0 = Debug|Any CPU
		{8DB95402-618C-46BA-B471-36C2C0784B5F}.Release|Any CPU.ActiveCfg = Release|Any CPU
		{8DB95402-618C-46BA-B471-36C2C0784B5F}.Release|Any CPU.Build.0 = Release|Any CPU
		{75864E9F-3330-4507-AC58-0F0262673E7D}.Debug|Any CPU.ActiveCfg = Debug|Any CPU
		{75864E9F-3330-4507-AC58-0F0262673E7D}.Debug|Any CPU.Build.0 = Debug|Any CPU
		{75864E9F-3330-4507-AC58-0F0262673E7D}.Release|Any CPU.ActiveCfg = Release|Any CPU
		{75864E9F-3330-4507-AC58-0F0262673E7D}.Release|Any CPU.Build.0 = Release|Any CPU
		{531EE678-93BF-4E30-A88A-1960F443C7B8}.Debug|Any CPU.ActiveCfg = Debug|Any CPU
		{531EE678-93BF-4E30-A88A-1960F443C7B8}.Debug|Any CPU.Build.0 = Debug|Any CPU
		{531EE678-93BF-4E30-A88A-1960F443C7B8}.Release|Any CPU.ActiveCfg = Release|Any CPU
		{531EE678-93BF-4E30-A88A-1960F443C7B8}.Release|Any CPU.Build.0 = Release|Any CPU
		{804A32A5-57CA-4355-9C53-6DE4FC5C9DB1}.Debug|Any CPU.ActiveCfg = Debug|Any CPU
		{804A32A5-57CA-4355-9C53-6DE4FC5C9DB1}.Debug|Any CPU.Build.0 = Debug|Any CPU
		{804A32A5-57CA-4355-9C53-6DE4FC5C9DB1}.Release|Any CPU.ActiveCfg = Release|Any CPU
		{804A32A5-57CA-4355-9C53-6DE4FC5C9DB1}.Release|Any CPU.Build.0 = Release|Any CPU
		{1C62C195-DAC0-4B82-8E46-907F4AC9ABE1}.Debug|Any CPU.ActiveCfg = Debug|Any CPU
		{1C62C195-DAC0-4B82-8E46-907F4AC9ABE1}.Debug|Any CPU.Build.0 = Debug|Any CPU
		{1C62C195-DAC0-4B82-8E46-907F4AC9ABE1}.Release|Any CPU.ActiveCfg = Release|Any CPU
		{1C62C195-DAC0-4B82-8E46-907F4AC9ABE1}.Release|Any CPU.Build.0 = Release|Any CPU
		{BDDC646B-D4F3-4E8D-B278-17C0C8CE9F27}.Debug|Any CPU.ActiveCfg = Debug|Any CPU
		{BDDC646B-D4F3-4E8D-B278-17C0C8CE9F27}.Debug|Any CPU.Build.0 = Debug|Any CPU
		{BDDC646B-D4F3-4E8D-B278-17C0C8CE9F27}.Release|Any CPU.ActiveCfg = Release|Any CPU
		{BDDC646B-D4F3-4E8D-B278-17C0C8CE9F27}.Release|Any CPU.Build.0 = Release|Any CPU
		{9B4790A7-0CC6-4181-A3A2-BAA750161F4A}.Debug|Any CPU.ActiveCfg = Debug|Any CPU
		{9B4790A7-0CC6-4181-A3A2-BAA750161F4A}.Debug|Any CPU.Build.0 = Debug|Any CPU
		{9B4790A7-0CC6-4181-A3A2-BAA750161F4A}.Release|Any CPU.ActiveCfg = Release|Any CPU
		{9B4790A7-0CC6-4181-A3A2-BAA750161F4A}.Release|Any CPU.Build.0 = Release|Any CPU
		{C25AFDF0-E5B4-4BF1-AFE4-130F292F9754}.Debug|Any CPU.ActiveCfg = Debug|Any CPU
		{C25AFDF0-E5B4-4BF1-AFE4-130F292F9754}.Debug|Any CPU.Build.0 = Debug|Any CPU
		{C25AFDF0-E5B4-4BF1-AFE4-130F292F9754}.Release|Any CPU.ActiveCfg = Release|Any CPU
		{C25AFDF0-E5B4-4BF1-AFE4-130F292F9754}.Release|Any CPU.Build.0 = Release|Any CPU
		{2C28886A-B539-4712-BFEC-E9EB7574A15B}.Debug|Any CPU.ActiveCfg = Debug|Any CPU
		{2C28886A-B539-4712-BFEC-E9EB7574A15B}.Debug|Any CPU.Build.0 = Debug|Any CPU
		{2C28886A-B539-4712-BFEC-E9EB7574A15B}.Release|Any CPU.ActiveCfg = Release|Any CPU
		{2C28886A-B539-4712-BFEC-E9EB7574A15B}.Release|Any CPU.Build.0 = Release|Any CPU
		{F496F7F2-E370-455D-ACB8-22302DEBFF89}.Debug|Any CPU.ActiveCfg = Debug|Any CPU
		{F496F7F2-E370-455D-ACB8-22302DEBFF89}.Debug|Any CPU.Build.0 = Debug|Any CPU
		{F496F7F2-E370-455D-ACB8-22302DEBFF89}.Release|Any CPU.ActiveCfg = Release|Any CPU
		{F496F7F2-E370-455D-ACB8-22302DEBFF89}.Release|Any CPU.Build.0 = Release|Any CPU
	EndGlobalSection
	GlobalSection(SolutionProperties) = preSolution
		HideSolutionNode = FALSE
	EndGlobalSection
	GlobalSection(ExtensibilityGlobals) = postSolution
		SolutionGuid = {56A65441-B3D6-44BA-A74E-D1C8E3E6B757}
	EndGlobalSection
EndGlobal
